# THIS IS AN AUTOGENERATED FILE. DO NOT EDIT THIS FILE DIRECTLY.
# yarn lockfile v1


"@babel/runtime@^7.0.0":
  version "7.3.1"
  resolved "https://registry.yarnpkg.com/@babel/runtime/-/runtime-7.3.1.tgz#574b03e8e8a9898eaf4a872a92ea20b7846f6f2a"
  integrity sha512-7jGW8ppV0ant637pIqAcFfQDDH1orEPGJb8aXfUozuCU3QqX7rX4DA8iwrbPrR1hcH0FTTHz47yQnk+bl5xHQA==
  dependencies:
    regenerator-runtime "^0.12.0"

"@redux-saga/core@^1.0.1":
  version "1.0.1"
  resolved "https://registry.yarnpkg.com/@redux-saga/core/-/core-1.0.1.tgz#d75e6435316c3503a4630334b4e1d027858171c3"
  integrity sha512-e/rvF5jA/2BBLHwQWIwRVSbD8ylQAUXp0zaCUJrfDQmsKGY2VJbcUdSgkM4rxRss9d4U/c2Oa0D9o5geDCup0w==
  dependencies:
    "@babel/runtime" "^7.0.0"
    "@redux-saga/deferred" "^1.0.1"
    "@redux-saga/delay-p" "^1.0.1"
    "@redux-saga/is" "^1.0.1"
    "@redux-saga/symbols" "^1.0.1"
    "@redux-saga/types" "^1.0.0"
    redux ">=0.10 <5"
    typescript-tuple "^2.1.0"

"@redux-saga/deferred@^1.0.1":
  version "1.0.1"
  resolved "https://registry.yarnpkg.com/@redux-saga/deferred/-/deferred-1.0.1.tgz#c895445e486bded90acf0b873b4e978fbfe458c2"
  integrity sha512-+gW5xQ93QXOOmRLAmX8x2Hx1HpbTG6CM6+HcdTSbJovh4uMWaGyeDECnqXSt8QqA/ja3s2nqYXLqXFKepIQ1hw==

"@redux-saga/delay-p@^1.0.1":
  version "1.0.1"
  resolved "https://registry.yarnpkg.com/@redux-saga/delay-p/-/delay-p-1.0.1.tgz#d69fc6103c7509ae80faa144ea17bbc69e51e029"
  integrity sha512-0SnNDyDLUyB4NThtptAwiprNOnbCNhoed/Rp5JwS7SB+a/AdWynVgg/E6BmjsggLFNr07KW0bzn05tsPRBuU7Q==
  dependencies:
    "@redux-saga/symbols" "^1.0.1"

"@redux-saga/is@^1.0.1":
  version "1.0.1"
  resolved "https://registry.yarnpkg.com/@redux-saga/is/-/is-1.0.1.tgz#ad57536e45a46559704423a64032462797a0d014"
  integrity sha512-hOm7MyvGToJX6aeYkKmoL88a/7bzD8PXP1yPfELEgrKeiN5oBvMTbZ0LNU3boM3HJcYuiyjZED9qw12YpmXGAA==
  dependencies:
    "@redux-saga/symbols" "^1.0.1"
    "@redux-saga/types" "^1.0.0"

"@redux-saga/symbols@^1.0.1":
  version "1.0.1"
  resolved "https://registry.yarnpkg.com/@redux-saga/symbols/-/symbols-1.0.1.tgz#46512ae1275f88df061c42168d0f600ddb170c1e"
  integrity sha512-akKkzcVnb1RzJaZV2LQFbi51abvdICMuAKwwLoCjjxLbLAGIw9EJxk5ucNnWSSCEsoEQMeol5tkAcK+Xzuv1Bg==

"@redux-saga/types@^1.0.0":
  version "1.0.0"
  resolved "https://registry.yarnpkg.com/@redux-saga/types/-/types-1.0.0.tgz#9342b7eb52ed3c903e122841407d4984b7338339"
  integrity sha512-9I7ejD0kASU3H8gD6Wv8Y3F9VabNdvjE8apkGfSphCAjt46snJKjt79CnHdxo1xkTE0qMEZzmYmZ8hnIYDydhw==

"@types/query-string@^6.2.0":
  version "6.2.0"
  resolved "https://registry.yarnpkg.com/@types/query-string/-/query-string-6.2.0.tgz#ac1903ab175de7fd4a7bb703964c297eebddc8f7"
  integrity sha512-dnYqKg7eZ+t7ZhCuBtwLxjqON8yXr27hiu3zXfPqxfJSbWUZNwwISE0BJUxghlcKsk4lZSp7bdFSJBJVNWBfmA==

"@types/seamless-immutable@^7.1.6":
  version "7.1.6"
  resolved "https://registry.yarnpkg.com/@types/seamless-immutable/-/seamless-immutable-7.1.6.tgz#f578c2b8365f413c84a057263577d6f47f1341d9"
  integrity sha512-sglWmIH/RIN14Lquz8/vlOyG8hUk4xVUeSnuwFq1bSIygglDUs2WQogjyBjIocjpU+QTfooyxrJZyAvyrfk1XA==

axios@^0.21.1:
  version "0.21.1"
  resolved "https://registry.yarnpkg.com/axios/-/axios-0.21.1.tgz#22563481962f4d6bde9a76d516ef0e5d3c09b2b8"
  integrity sha512-dKQiRHxGD9PPRIUNIWvZhPTPpl1rf/OxTYKsqKUDjBwYylTvV7SjSHJb9ratfyzM6wCdLCOYLzs73qpg5c4iGA==
  dependencies:
    follow-redirects "^1.10.0"

decode-uri-component@^0.2.0:
  version "0.2.0"
  resolved "https://registry.yarnpkg.com/decode-uri-component/-/decode-uri-component-0.2.0.tgz#eb3913333458775cb84cd1a1fae062106bb87545"
  integrity sha1-6zkTMzRYd1y4TNGh+uBiEGu4dUU=

follow-redirects@^1.10.0:
  version "1.13.1"
  resolved "https://registry.yarnpkg.com/follow-redirects/-/follow-redirects-1.13.1.tgz#5f69b813376cee4fd0474a3aba835df04ab763b7"
  integrity sha512-SSG5xmZh1mkPGyKzjZP8zLjltIfpW32Y5QpdNJyjcfGxK3qo3NDDkZOZSFiGn1A6SclQxY9GzEwAHQ3dmYRWpg==

"js-tokens@^3.0.0 || ^4.0.0":
  version "4.0.0"
  resolved "https://registry.yarnpkg.com/js-tokens/-/js-tokens-4.0.0.tgz#19203fb59991df98e3a287050d4647cdeaf32499"
  integrity sha512-RdJUflcE3cUzKiMqQgsCu06FPu9UdIJO0beYbPhHN4k6apgJtifcoCtT9bcxOpYBtpD2kCM6Sbzg4CausW/PKQ==

loose-envify@^1.4.0:
  version "1.4.0"
  resolved "https://registry.yarnpkg.com/loose-envify/-/loose-envify-1.4.0.tgz#71ee51fa7be4caec1a63839f7e682d8132d30caf"
  integrity sha512-lyuxPGr/Wfhrlem2CL/UcnUc1zcqKAImBDzukY7Y5F/yQiNdko6+fRLevlw1HgMySw7f611UIY408EtxRSoK3Q==
  dependencies:
    js-tokens "^3.0.0 || ^4.0.0"

query-string@^6.2.0:
  version "6.2.0"
  resolved "https://registry.yarnpkg.com/query-string/-/query-string-6.2.0.tgz#468edeb542b7e0538f9f9b1aeb26f034f19c86e1"
  integrity sha512-5wupExkIt8RYL4h/FE+WTg3JHk62e6fFPWtAZA9J5IWK1PfTfKkMS93HBUHcFpeYi9KsY5pFbh+ldvEyaz5MyA==
  dependencies:
    decode-uri-component "^0.2.0"
    strict-uri-encode "^2.0.0"

redux-saga@^1.0.1:
  version "1.0.1"
  resolved "https://registry.yarnpkg.com/redux-saga/-/redux-saga-1.0.1.tgz#5f5c6803882bc5c7c8dd558562e8392ef15e3ffe"
  integrity sha512-XAp0OliRaoBCk/qynMfvXnTtC1WXrEpSqMwPKtOZHXVbQFekdcei/Eln/w0L7m3NcNxYQSlWwdUoffWzB1oAAQ==
  dependencies:
    "@redux-saga/core" "^1.0.1"

"redux@>=0.10 <5":
  version "4.0.1"
  resolved "https://registry.yarnpkg.com/redux/-/redux-4.0.1.tgz#436cae6cc40fbe4727689d7c8fae44808f1bfef5"
  integrity sha512-R7bAtSkk7nY6O/OYMVR9RiBI+XghjF9rlbl5806HJbQph0LJVHZrU5oaO4q70eUKiqMRqm4y07KLTlMZ2BlVmg==
  dependencies:
    loose-envify "^1.4.0"
    symbol-observable "^1.2.0"

regenerator-runtime@^0.12.0:
  version "0.12.1"
  resolved "https://registry.yarnpkg.com/regenerator-runtime/-/regenerator-runtime-0.12.1.tgz#fa1a71544764c036f8c49b13a08b2594c9f8a0de"
  integrity sha512-odxIc1/vDlo4iZcfXqRYFj0vpXFNoGdKMAUieAlFYO6m/nl5e9KR/beGf41z4a1FI+aQgtjhuaSlDxQ0hmkrHg==

seamless-immutable@^7.1.4:
  version "7.1.4"
  resolved "https://registry.yarnpkg.com/seamless-immutable/-/seamless-immutable-7.1.4.tgz#6e9536def083ddc4dea0207d722e0e80d0f372f8"
  integrity sha512-XiUO1QP4ki4E2PHegiGAlu6r82o5A+6tRh7IkGGTVg/h+UoeX4nFBeCGPOhb4CYjvkqsfm/TUtvOMYC1xmV30A==

strict-uri-encode@^2.0.0:
  version "2.0.0"
  resolved "https://registry.yarnpkg.com/strict-uri-encode/-/strict-uri-encode-2.0.0.tgz#b9c7330c7042862f6b142dc274bbcc5866ce3546"
  integrity sha1-ucczDHBChi9rFC3CdLvMWGbONUY=

symbol-observable@^1.2.0:
  version "1.2.0"
  resolved "https://registry.yarnpkg.com/symbol-observable/-/symbol-observable-1.2.0.tgz#c22688aed4eab3cdc2dfeacbb561660560a00804"
  integrity sha512-e900nM8RRtGhlV36KGEU9k65K3mPb1WV70OdjfxlG2EAuM1noi/E/BaW/uMhL7bPEssK8QV57vN3esixjUvcXQ==

typescript-compare@^0.0.2:
  version "0.0.2"
  resolved "https://registry.yarnpkg.com/typescript-compare/-/typescript-compare-0.0.2.tgz#7ee40a400a406c2ea0a7e551efd3309021d5f425"
  integrity sha512-8ja4j7pMHkfLJQO2/8tut7ub+J3Lw2S3061eJLFQcvs3tsmJKp8KG5NtpLn7KcY2w08edF74BSVN7qJS0U6oHA==
  dependencies:
    typescript-logic "^0.0.0"

typescript-logic@^0.0.0:
  version "0.0.0"
  resolved "https://registry.yarnpkg.com/typescript-logic/-/typescript-logic-0.0.0.tgz#66ebd82a2548f2b444a43667bec120b496890196"
  integrity sha512-zXFars5LUkI3zP492ls0VskH3TtdeHCqu0i7/duGt60i5IGPIpAHE/DWo5FqJ6EjQ15YKXrt+AETjv60Dat34Q==

typescript-tuple@^2.1.0:
  version "2.1.1"
  resolved "https://registry.yarnpkg.com/typescript-tuple/-/typescript-tuple-2.1.1.tgz#b8dd1f2aa0c13c0bd2f491aa4d416c6b22bcb6db"
  integrity sha512-7jOyW+a6vGSfzpkgimnldfkvT5FEY7hURzdS8gXHBXCOZ7NZRqoXNvsEmkNNhPLbdXUbZexjFXQOz1CSn+7stg==
  dependencies:
    typescript-compare "^0.0.2"

typescript@^3.3.1:
  version "3.3.1"
  resolved "https://registry.yarnpkg.com/typescript/-/typescript-3.3.1.tgz#6de14e1db4b8a006ac535e482c8ba018c55f750b"
  integrity sha512-cTmIDFW7O0IHbn1DPYjkiebHxwtCMU+eTy30ZtJNBPF9j2O1ITu5XH2YnBeVRKWHqF+3JQwWJv0Q0aUgX8W7IA==
